
Microsoft Visual Studio Solution File, Format Version 12.00
# Visual Studio Version 17
VisualStudioVersion = 17.4.33122.133
MinimumVisualStudioVersion = 10.0.40219.1
Project("{9A19103F-16F7-4668-BE54-9A1E7A4F7556}") = "BDDSauceDemoLibrary", "SauceDemoLibrary\BDDSauceDemoLibrary.csproj", "{31EA59E6-E6C1-430D-B35E-4705F4FAB2AF}"
EndProject
Project("{9A19103F-16F7-4668-BE54-9A1E7A4F7556}") = "SauceDemoCommonLibrary", "SauceDemoCommonLibrary\SauceDemoCommonLibrary.csproj", "{B9F39FB1-F02B-42FC-8220-C10DA5ABC015}"
EndProject
Project("{9A19103F-16F7-4668-BE54-9A1E7A4F7556}") = "BDDSauceDemoTest", "BDDSauceDemoTest\BDDSauceDemoTest.csproj", "{A44B0869-B0D3-4D1F-B552-5B7D71408708}"
EndProject
Global
	GlobalSection(SolutionConfigurationPlatforms) = preSolution
		Debug|Any CPU = Debug|Any CPU
		Release|Any CPU = Release|Any CPU
	EndGlobalSection
	GlobalSection(ProjectConfigurationPlatforms) = postSolution
		{31EA59E6-E6C1-430D-B35E-4705F4FAB2AF}.Debug|Any CPU.ActiveCfg = Debug|Any CPU
		{31EA59E6-E6C1-430D-B35E-4705F4FAB2AF}.Debug|Any CPU.Build.0 = Debug|Any CPU
		{31EA59E6-E6C1-430D-B35E-4705F4FAB2AF}.Release|Any CPU.ActiveCfg = Release|Any CPU
		{31EA59E6-E6C1-430D-B35E-4705F4FAB2AF}.Release|Any CPU.Build.0 = Release|Any CPU
		{B9F39FB1-F02B-42FC-8220-C10DA5ABC015}.Debug|Any CPU.ActiveCfg = Debug|Any CPU
		{B9F39FB1-F02B-42FC-8220-C10DA5ABC015}.Debug|Any CPU.Build.0 = Debug|Any CPU
		{B9F39FB1-F02B-42FC-8220-C10DA5ABC015}.Release|Any CPU.ActiveCfg = Release|Any CPU
		{B9F39FB1-F02B-42FC-8220-C10DA5ABC015}.Release|Any CPU.Build.0 = Release|Any CPU
		{A44B0869-B0D3-4D1F-B552-5B7D71408708}.Debug|Any CPU.ActiveCfg = Debug|Any CPU
		{A44B0869-B0D3-4D1F-B552-5B7D71408708}.Debug|Any CPU.Build.0 = Debug|Any CPU
		{A44B0869-B0D3-4D1F-B552-5B7D71408708}.Release|Any CPU.ActiveCfg = Release|Any CPU
		{A44B0869-B0D3-4D1F-B552-5B7D71408708}.Release|Any CPU.Build.0 = Release|Any CPU
	EndGlobalSection
	GlobalSection(SolutionProperties) = preSolution
		HideSolutionNode = FALSE
	EndGlobalSection
	GlobalSection(ExtensibilityGlobals) = postSolution
		SolutionGuid = {3A8D3F14-8F30-4102-8694-B9240F01B53E}
	EndGlobalSection
EndGlobal
