
Microsoft Visual Studio Solution File, Format Version 12.00
# Visual Studio Version 17
VisualStudioVersion = 17.3.32929.385
MinimumVisualStudioVersion = 10.0.40219.1
Project("{FAE04EC0-301F-11D3-BF4B-00C04F79EFBC}") = "SeleniumTasks", "SeleniumTasks\SeleniumTasks.csproj", "{1819235F-422A-4D04-BEAA-A6D055142D95}"
EndProject
Global
	GlobalSection(SolutionConfigurationPlatforms) = preSolution
		Debug|Any CPU = Debug|Any CPU
		Release|Any CPU = Release|Any CPU
	EndGlobalSection
	GlobalSection(ProjectConfigurationPlatforms) = postSolution
		{1819235F-422A-4D04-BEAA-A6D055142D95}.Debug|Any CPU.ActiveCfg = Debug|Any CPU
		{1819235F-422A-4D04-BEAA-A6D055142D95}.Debug|Any CPU.Build.0 = Debug|Any CPU
		{1819235F-422A-4D04-BEAA-A6D055142D95}.Release|Any CPU.ActiveCfg = Release|Any CPU
		{1819235F-422A-4D04-BEAA-A6D055142D95}.Release|Any CPU.Build.0 = Release|Any CPU
	EndGlobalSection
	GlobalSection(SolutionProperties) = preSolution
		HideSolutionNode = FALSE
	EndGlobalSection
	GlobalSection(ExtensibilityGlobals) = postSolution
		SolutionGuid = {5FB5888E-D7C1-4A51-A209-2FF7D4024245}
	EndGlobalSection
EndGlobal
